
Microsoft Visual Studio Solution File, Format Version 12.00
# Visual Studio Version 17
VisualStudioVersion = 17.11.35222.181
MinimumVisualStudioVersion = 10.0.40219.1
Project("{FAE04EC0-301F-11D3-BF4B-00C04F79EFBC}") = "Forum", "Forum\Forum.csproj", "{165C2EB6-50D6-4B39-9D28-0F4C3F8A1954}"
EndProject
Global
	GlobalSection(SolutionConfigurationPlatforms) = preSolution
		Debug|Any CPU = Debug|Any CPU
		Release|Any CPU = Release|Any CPU
	EndGlobalSection
	GlobalSection(ProjectConfigurationPlatforms) = postSolution
		{165C2EB6-50D6-4B39-9D28-0F4C3F8A1954}.Debug|Any CPU.ActiveCfg = Debug|Any CPU
		{165C2EB6-50D6-4B39-9D28-0F4C3F8A1954}.Debug|Any CPU.Build.0 = Debug|Any CPU
		{165C2EB6-50D6-4B39-9D28-0F4C3F8A1954}.Release|Any CPU.ActiveCfg = Release|Any CPU
		{165C2EB6-50D6-4B39-9D28-0F4C3F8A1954}.Release|Any CPU.Build.0 = Release|Any CPU
	EndGlobalSection
	GlobalSection(SolutionProperties) = preSolution
		HideSolutionNode = FALSE
	EndGlobalSection
	GlobalSection(ExtensibilityGlobals) = postSolution
		SolutionGuid = {375CBC90-98EE-4551-BF10-673E6889FC76}
	EndGlobalSection
EndGlobal
